
Microsoft Visual Studio Solution File, Format Version 12.00
# Visual Studio Version 17
VisualStudioVersion = 17.14.36811.4
MinimumVisualStudioVersion = 10.0.40219.1
Project("{FAE04EC0-301F-11D3-BF4B-00C04F79EFBC}") = "CRM_Backend", "CRM_Backend\CRM_Backend.csproj", "{D0E66457-AE76-4B99-A1C7-407DFC86E021}"
EndProject
Global
	GlobalSection(SolutionConfigurationPlatforms) = preSolution
		Debug|Any CPU = Debug|Any CPU
		Release|Any CPU = Release|Any CPU
	EndGlobalSection
	GlobalSection(ProjectConfigurationPlatforms) = postSolution
		{D0E66457-AE76-4B99-A1C7-407DFC86E021}.Debug|Any CPU.ActiveCfg = Debug|Any CPU
		{D0E66457-AE76-4B99-A1C7-407DFC86E021}.Debug|Any CPU.Build.0 = Debug|Any CPU
		{D0E66457-AE76-4B99-A1C7-407DFC86E021}.Release|Any CPU.ActiveCfg = Release|Any CPU
		{D0E66457-AE76-4B99-A1C7-407DFC86E021}.Release|Any CPU.Build.0 = Release|Any CPU
	EndGlobalSection
	GlobalSection(SolutionProperties) = preSolution
		HideSolutionNode = FALSE
	EndGlobalSection
	GlobalSection(ExtensibilityGlobals) = postSolution
		SolutionGuid = {F6847FF4-5F96-4D47-88A6-8985149EFC73}
	EndGlobalSection
EndGlobal
